
Microsoft Visual Studio Solution File, Format Version 12.00
# Visual Studio Version 17
VisualStudioVersion = 17.3.32922.545
MinimumVisualStudioVersion = 10.0.40219.1
Project("{FAE04EC0-301F-11D3-BF4B-00C04F79EFBC}") = "Kalkulátor s desetinými čísli", "Kalkulátor s desetinými čísli\Kalkulátor s desetinými čísli.csproj", "{9E37E63A-E6F3-4D37-BD7C-9C3F0E00EB56}"
EndProject
Global
	GlobalSection(SolutionConfigurationPlatforms) = preSolution
		Debug|Any CPU = Debug|Any CPU
		Release|Any CPU = Release|Any CPU
	EndGlobalSection
	GlobalSection(ProjectConfigurationPlatforms) = postSolution
		{9E37E63A-E6F3-4D37-BD7C-9C3F0E00EB56}.Debug|Any CPU.ActiveCfg = Debug|Any CPU
		{9E37E63A-E6F3-4D37-BD7C-9C3F0E00EB56}.Debug|Any CPU.Build.0 = Debug|Any CPU
		{9E37E63A-E6F3-4D37-BD7C-9C3F0E00EB56}.Release|Any CPU.ActiveCfg = Release|Any CPU
		{9E37E63A-E6F3-4D37-BD7C-9C3F0E00EB56}.Release|Any CPU.Build.0 = Release|Any CPU
	EndGlobalSection
	GlobalSection(SolutionProperties) = preSolution
		HideSolutionNode = FALSE
	EndGlobalSection
	GlobalSection(ExtensibilityGlobals) = postSolution
		SolutionGuid = {A68E17D5-CB2B-484E-8106-79964896D65A}
	EndGlobalSection
EndGlobal
